
Microsoft Visual Studio Solution File, Format Version 12.00
# Visual Studio Version 17
VisualStudioVersion = 17.14.36603.0
MinimumVisualStudioVersion = 10.0.40219.1
Project("{FAE04EC0-301F-11D3-BF4B-00C04F79EFBC}") = "SudokuNator5000", "SudokuNator5000.csproj", "{3E8839B4-714B-44F6-BFCC-AE595DDCCDA5}"
EndProject
Project("{FAE04EC0-301F-11D3-BF4B-00C04F79EFBC}") = "SudokuTester", "..\SudokuTester\SudokuTester.csproj", "{9A1E5678-2E67-44AD-9F70-3B1935D1149B}"
EndProject
Global
	GlobalSection(SolutionConfigurationPlatforms) = preSolution
		Debug|Any CPU = Debug|Any CPU
		Release|Any CPU = Release|Any CPU
	EndGlobalSection
	GlobalSection(ProjectConfigurationPlatforms) = postSolution
		{3E8839B4-714B-44F6-BFCC-AE595DDCCDA5}.Debug|Any CPU.ActiveCfg = Debug|Any CPU
		{3E8839B4-714B-44F6-BFCC-AE595DDCCDA5}.Debug|Any CPU.Build.0 = Debug|Any CPU
		{3E8839B4-714B-44F6-BFCC-AE595DDCCDA5}.Release|Any CPU.ActiveCfg = Release|Any CPU
		{3E8839B4-714B-44F6-BFCC-AE595DDCCDA5}.Release|Any CPU.Build.0 = Release|Any CPU
		{9A1E5678-2E67-44AD-9F70-3B1935D1149B}.Debug|Any CPU.ActiveCfg = Debug|Any CPU
		{9A1E5678-2E67-44AD-9F70-3B1935D1149B}.Debug|Any CPU.Build.0 = Debug|Any CPU
		{9A1E5678-2E67-44AD-9F70-3B1935D1149B}.Release|Any CPU.ActiveCfg = Release|Any CPU
		{9A1E5678-2E67-44AD-9F70-3B1935D1149B}.Release|Any CPU.Build.0 = Release|Any CPU
	EndGlobalSection
	GlobalSection(SolutionProperties) = preSolution
		HideSolutionNode = FALSE
	EndGlobalSection
	GlobalSection(ExtensibilityGlobals) = postSolution
		SolutionGuid = {F02D1257-7B67-479D-91D1-AF1A5A931C3A}
	EndGlobalSection
EndGlobal
